// !$*UTF8*$!
{
	archiveVersion = 1;
	classes = {
	};
	objectVersion = 46;
	objects = {

/* Begin PBXBuildFile section */
		0BBBB16D1AC64B5200B5A3DB /* heart.png in Resources */ = {isa = PBXBuildFile; fileRef = 0BBBB16C1AC64B5200B5A3DB /* heart.png */; };
		0BBBB16F1AC64C7100B5A3DB /* rocket.png in Resources */ = {isa = PBXBuildFile; fileRef = 0BBBB16E1AC64C7100B5A3DB /* rocket.png */; };
		0BBBB1771AC6555400B5A3DB /* SWANDiamondView.m in Sources */ = {isa = PBXBuildFile; fileRef = 0BBBB1761AC6555400B5A3DB /* SWANDiamondView.m */; };
		0BBBB1791AC6556400B5A3DB /* SWANDiamondView.xib in Resources */ = {isa = PBXBuildFile; fileRef = 0BBBB1781AC6556400B5A3DB /* SWANDiamondView.xib */; };
		0BBBB1831AC66BA100B5A3DB /* camera.png in Resources */ = {isa = PBXBuildFile; fileRef = 0BBBB1821AC66BA100B5A3DB /* camera.png */; };
		0BBBB1871AC67F7200B5A3DB /* SWANHeartCell.m in Sources */ = {isa = PBXBuildFile; fileRef = 0BBBB1851AC67F7200B5A3DB /* SWANHeartCell.m */; };
		0BBBB1881AC67F7200B5A3DB /* SWANHeartCell.xib in Resources */ = {isa = PBXBuildFile; fileRef = 0BBBB1861AC67F7200B5A3DB /* SWANHeartCell.xib */; };
		0BBBB18B1AC682BD00B5A3DB /* Hope.m in Sources */ = {isa = PBXBuildFile; fileRef = 0BBBB18A1AC682BD00B5A3DB /* Hope.m */; };
		0BBBB18F1AC683C300B5A3DB /* User.m in Sources */ = {isa = PBXBuildFile; fileRef = 0BBBB18E1AC683C300B5A3DB /* User.m */; };
		0BF089541AC6355B00EAF812 /* main.m in Sources */ = {isa = PBXBuildFile; fileRef = 0BF089531AC6355B00EAF812 /* main.m */; };
		0BF089571AC6355B00EAF812 /* AppDelegate.m in Sources */ = {isa = PBXBuildFile; fileRef = 0BF089561AC6355B00EAF812 /* AppDelegate.m */; };
		0BF0895A1AC6355B00EAF812 /* ViewController.m in Sources */ = {isa = PBXBuildFile; fileRef = 0BF089591AC6355B00EAF812 /* ViewController.m */; };
		0BF0895D1AC6355B00EAF812 /* Main.storyboard in Resources */ = {isa = PBXBuildFile; fileRef = 0BF0895B1AC6355B00EAF812 /* Main.storyboard */; };
		0BF0895F1AC6355B00EAF812 /* Images.xcassets in Resources */ = {isa = PBXBuildFile; fileRef = 0BF0895E1AC6355B00EAF812 /* Images.xcassets */; };
		0BF089621AC6355B00EAF812 /* LaunchScreen.xib in Resources */ = {isa = PBXBuildFile; fileRef = 0BF089601AC6355B00EAF812 /* LaunchScreen.xib */; };
		0BF0896E1AC6355B00EAF812 /* HopeClubTests.m in Sources */ = {isa = PBXBuildFile; fileRef = 0BF0896D1AC6355B00EAF812 /* HopeClubTests.m */; };
		C22EF3390CCE3AE1643C4E75 /* libPods-HopeClub.a in Frameworks */ = {isa = PBXBuildFile; fileRef = E06B406873F96376E3B9BBBF /* libPods-HopeClub.a */; };
/* End PBXBuildFile section */

/* Begin PBXContainerItemProxy section */
		0BF089681AC6355B00EAF812 /* PBXContainerItemProxy */ = {
			isa = PBXContainerItemProxy;
			containerPortal = 0BF089461AC6355B00EAF812 /* Project object */;
			proxyType = 1;
			remoteGlobalIDString = 0BF0894D1AC6355B00EAF812;
			remoteInfo = HopeClub;
		};
/* End PBXContainerItemProxy section */

/* Begin PBXFileReference section */
		0BBBB16C1AC64B5200B5A3DB /* heart.png */ = {isa = PBXFileReference; lastKnownFileType = image.png; path = heart.png; sourceTree = "<group>"; };
		0BBBB16E1AC64C7100B5A3DB /* rocket.png */ = {isa = PBXFileReference; lastKnownFileType = image.png; path = rocket.png; sourceTree = "<group>"; };
		0BBBB1751AC6555400B5A3DB /* SWANDiamondView.h */ = {isa = PBXFileReference; fileEncoding = 4; lastKnownFileType = sourcecode.c.h; path = SWANDiamondView.h; sourceTree = "<group>"; };
		0BBBB1761AC6555400B5A3DB /* SWANDiamondView.m */ = {isa = PBXFileReference; fileEncoding = 4; lastKnownFileType = sourcecode.c.objc; path = SWANDiamondView.m; sourceTree = "<group>"; };
		0BBBB1781AC6556400B5A3DB /* SWANDiamondView.xib */ = {isa = PBXFileReference; fileEncoding = 4; lastKnownFileType = file.xib; path = SWANDiamondView.xib; sourceTree = "<group>"; };
		0BBBB1821AC66BA100B5A3DB /* camera.png */ = {isa = PBXFileReference; lastKnownFileType = image.png; path = camera.png; sourceTree = "<group>"; };
		0BBBB1841AC67F7200B5A3DB /* SWANHeartCell.h */ = {isa = PBXFileReference; fileEncoding = 4; lastKnownFileType = sourcecode.c.h; path = SWANHeartCell.h; sourceTree = "<group>"; };
		0BBBB1851AC67F7200B5A3DB /* SWANHeartCell.m */ = {isa = PBXFileReference; fileEncoding = 4; lastKnownFileType = sourcecode.c.objc; path = SWANHeartCell.m; sourceTree = "<group>"; };
		0BBBB1861AC67F7200B5A3DB /* SWANHeartCell.xib */ = {isa = PBXFileReference; fileEncoding = 4; lastKnownFileType = file.xib; path = SWANHeartCell.xib; sourceTree = "<group>"; };
		0BBBB1891AC682BD00B5A3DB /* Hope.h */ = {isa = PBXFileReference; fileEncoding = 4; lastKnownFileType = sourcecode.c.h; path = Hope.h; sourceTree = "<group>"; };
		0BBBB18A1AC682BD00B5A3DB /* Hope.m */ = {isa = PBXFileReference; fileEncoding = 4; lastKnownFileType = sourcecode.c.objc; path = Hope.m; sourceTree = "<group>"; };
		0BBBB18D1AC683C300B5A3DB /* User.h */ = {isa = PBXFileReference; fileEncoding = 4; lastKnownFileType = sourcecode.c.h; path = User.h; sourceTree = "<group>"; };
		0BBBB18E1AC683C300B5A3DB /* User.m */ = {isa = PBXFileReference; fileEncoding = 4; lastKnownFileType = sourcecode.c.objc; path = User.m; sourceTree = "<group>"; };
		0BF0894E1AC6355B00EAF812 /* HopeClub.app */ = {isa = PBXFileReference; explicitFileType = wrapper.application; includeInIndex = 0; path = HopeClub.app; sourceTree = BUILT_PRODUCTS_DIR; };
		0BF089521AC6355B00EAF812 /* Info.plist */ = {isa = PBXFileReference; lastKnownFileType = text.plist.xml; path = Info.plist; sourceTree = "<group>"; };
		0BF089531AC6355B00EAF812 /* main.m */ = {isa = PBXFileReference; lastKnownFileType = sourcecode.c.objc; path = main.m; sourceTree = "<group>"; };
		0BF089551AC6355B00EAF812 /* AppDelegate.h */ = {isa = PBXFileReference; lastKnownFileType = sourcecode.c.h; path = AppDelegate.h; sourceTree = "<group>"; };
		0BF089561AC6355B00EAF812 /* AppDelegate.m */ = {isa = PBXFileReference; lastKnownFileType = sourcecode.c.objc; path = AppDelegate.m; sourceTree = "<group>"; };
		0BF089581AC6355B00EAF812 /* ViewController.h */ = {isa = PBXFileReference; lastKnownFileType = sourcecode.c.h; path = ViewController.h; sourceTree = "<group>"; };
		0BF089591AC6355B00EAF812 /* ViewController.m */ = {isa = PBXFileReference; lastKnownFileType = sourcecode.c.objc; path = ViewController.m; sourceTree = "<group>"; };
		0BF0895C1AC6355B00EAF812 /* Base */ = {isa = PBXFileReference; lastKnownFileType = file.storyboard; name = Base; path = Base.lproj/Main.storyboard; sourceTree = "<group>"; };
		0BF0895E1AC6355B00EAF812 /* Images.xcassets */ = {isa = PBXFileReference; lastKnownFileType = folder.assetcatalog; path = Images.xcassets; sourceTree = "<group>"; };
		0BF089611AC6355B00EAF812 /* Base */ = {isa = PBXFileReference; lastKnownFileType = file.xib; name = Base; path = Base.lproj/LaunchScreen.xib; sourceTree = "<group>"; };
		0BF089671AC6355B00EAF812 /* HopeClubTests.xctest */ = {isa = PBXFileReference; explicitFileType = wrapper.cfbundle; includeInIndex = 0; path = HopeClubTests.xctest; sourceTree = BUILT_PRODUCTS_DIR; };
		0BF0896C1AC6355B00EAF812 /* Info.plist */ = {isa = PBXFileReference; lastKnownFileType = text.plist.xml; path = Info.plist; sourceTree = "<group>"; };
		0BF0896D1AC6355B00EAF812 /* HopeClubTests.m */ = {isa = PBXFileReference; lastKnownFileType = sourcecode.c.objc; path = HopeClubTests.m; sourceTree = "<group>"; };
		5D6FEF4125DCE58B4215EDE3 /* Pods-HopeClub.debug.xcconfig */ = {isa = PBXFileReference; includeInIndex = 1; lastKnownFileType = text.xcconfig; name = "Pods-HopeClub.debug.xcconfig"; path = "Pods/Target Support Files/Pods-HopeClub/Pods-HopeClub.debug.xcconfig"; sourceTree = "<group>"; };
		D88AFEA155A3F0A4A9CE9400 /* Pods-HopeClub.release.xcconfig */ = {isa = PBXFileReference; includeInIndex = 1; lastKnownFileType = text.xcconfig; name = "Pods-HopeClub.release.xcconfig"; path = "Pods/Target Support Files/Pods-HopeClub/Pods-HopeClub.release.xcconfig"; sourceTree = "<group>"; };
		E06B406873F96376E3B9BBBF /* libPods-HopeClub.a */ = {isa = PBXFileReference; explicitFileType = archive.ar; includeInIndex = 0; path = "libPods-HopeClub.a"; sourceTree = BUILT_PRODUCTS_DIR; };
/* End PBXFileReference section */

/* Begin PBXFrameworksBuildPhase section */
		0BF0894B1AC6355B00EAF812 /* Frameworks */ = {
			isa = PBXFrameworksBuildPhase;
			buildActionMask = 2147483647;
			files = (
				C22EF3390CCE3AE1643C4E75 /* libPods-HopeClub.a in Frameworks */,
			);
			runOnlyForDeploymentPostprocessing = 0;
		};
		0BF089641AC6355B00EAF812 /* Frameworks */ = {
			isa = PBXFrameworksBuildPhase;
			buildActionMask = 2147483647;
			files = (
			);
			runOnlyForDeploymentPostprocessing = 0;
		};
/* End PBXFrameworksBuildPhase section */

/* Begin PBXGroup section */
		0BBBB18C1AC682C600B5A3DB /* Model */ = {
			isa = PBXGroup;
			children = (
				0BBBB1891AC682BD00B5A3DB /* Hope.h */,
				0BBBB18A1AC682BD00B5A3DB /* Hope.m */,
				0BBBB18D1AC683C300B5A3DB /* User.h */,
				0BBBB18E1AC683C300B5A3DB /* User.m */,
			);
			name = Model;
			sourceTree = "<group>";
		};
		0BF089451AC6355B00EAF812 = {
			isa = PBXGroup;
			children = (
				0BF089501AC6355B00EAF812 /* HopeClub */,
				0BF0896A1AC6355B00EAF812 /* HopeClubTests */,
				0BF0894F1AC6355B00EAF812 /* Products */,
				D18559E5D278A3250E106D49 /* Pods */,
				F6BBDE4E7A28B275AB783BF7 /* Frameworks */,
			);
			sourceTree = "<group>";
		};
		0BF0894F1AC6355B00EAF812 /* Products */ = {
			isa = PBXGroup;
			children = (
				0BF0894E1AC6355B00EAF812 /* HopeClub.app */,
				0BF089671AC6355B00EAF812 /* HopeClubTests.xctest */,
			);
			name = Products;
			sourceTree = "<group>";
		};
		0BF089501AC6355B00EAF812 /* HopeClub */ = {
			isa = PBXGroup;
			children = (
				0BBBB1821AC66BA100B5A3DB /* camera.png */,
				0BBBB16C1AC64B5200B5A3DB /* heart.png */,
				0BBBB16E1AC64C7100B5A3DB /* rocket.png */,
				0BF089551AC6355B00EAF812 /* AppDelegate.h */,
				0BF089561AC6355B00EAF812 /* AppDelegate.m */,
				0BF089581AC6355B00EAF812 /* ViewController.h */,
				0BF089591AC6355B00EAF812 /* ViewController.m */,
				0BF0895B1AC6355B00EAF812 /* Main.storyboard */,
				0BF0895E1AC6355B00EAF812 /* Images.xcassets */,
				0BF089601AC6355B00EAF812 /* LaunchScreen.xib */,
				0BF089511AC6355B00EAF812 /* Supporting Files */,
				0BBBB1751AC6555400B5A3DB /* SWANDiamondView.h */,
				0BBBB1761AC6555400B5A3DB /* SWANDiamondView.m */,
				0BBBB1781AC6556400B5A3DB /* SWANDiamondView.xib */,
				0BBBB1841AC67F7200B5A3DB /* SWANHeartCell.h */,
				0BBBB1851AC67F7200B5A3DB /* SWANHeartCell.m */,
				0BBBB1861AC67F7200B5A3DB /* SWANHeartCell.xib */,
				0BBBB18C1AC682C600B5A3DB /* Model */,
			);
			path = HopeClub;
			sourceTree = "<group>";
		};
		0BF089511AC6355B00EAF812 /* Supporting Files */ = {
			isa = PBXGroup;
			children = (
				0BF089521AC6355B00EAF812 /* Info.plist */,
				0BF089531AC6355B00EAF812 /* main.m */,
			);
			name = "Supporting Files";
			sourceTree = "<group>";
		};
		0BF0896A1AC6355B00EAF812 /* HopeClubTests */ = {
			isa = PBXGroup;
			children = (
				0BF0896D1AC6355B00EAF812 /* HopeClubTests.m */,
				0BF0896B1AC6355B00EAF812 /* Supporting Files */,
			);
			path = HopeClubTests;
			sourceTree = "<group>";
		};
		0BF0896B1AC6355B00EAF812 /* Supporting Files */ = {
			isa = PBXGroup;
			children = (
				0BF0896C1AC6355B00EAF812 /* Info.plist */,
			);
			name = "Supporting Files";
			sourceTree = "<group>";
		};
		D18559E5D278A3250E106D49 /* Pods */ = {
			isa = PBXGroup;
			children = (
				5D6FEF4125DCE58B4215EDE3 /* Pods-HopeClub.debug.xcconfig */,
				D88AFEA155A3F0A4A9CE9400 /* Pods-HopeClub.release.xcconfig */,
			);
			name = Pods;
			sourceTree = "<group>";
		};
		F6BBDE4E7A28B275AB783BF7 /* Frameworks */ = {
			isa = PBXGroup;
			children = (
				E06B406873F96376E3B9BBBF /* libPods-HopeClub.a */,
			);
			name = Frameworks;
			sourceTree = "<group>";
		};
/* End PBXGroup section */

/* Begin PBXNativeTarget section */
		0BF0894D1AC6355B00EAF812 /* HopeClub */ = {
			isa = PBXNativeTarget;
			buildConfigurationList = 0BF089711AC6355B00EAF812 /* Build configuration list for PBXNativeTarget "HopeClub" */;
			buildPhases = (
				9961430318E91F223BA77236 /* Check Pods Manifest.lock */,
				0BF0894A1AC6355B00EAF812 /* Sources */,
				0BF0894B1AC6355B00EAF812 /* Frameworks */,
				0BF0894C1AC6355B00EAF812 /* Resources */,
				AB01E1DBC4DCAD8DB1D65F38 /* Copy Pods Resources */,
			);
			buildRules = (
			);
			dependencies = (
			);
			name = HopeClub;
			productName = HopeClub;
			productReference = 0BF0894E1AC6355B00EAF812 /* HopeClub.app */;
			productType = "com.apple.product-type.application";
		};
		0BF089661AC6355B00EAF812 /* HopeClubTests */ = {
			isa = PBXNativeTarget;
			buildConfigurationList = 0BF089741AC6355B00EAF812 /* Build configuration list for PBXNativeTarget "HopeClubTests" */;
			buildPhases = (
				0BF089631AC6355B00EAF812 /* Sources */,
				0BF089641AC6355B00EAF812 /* Frameworks */,
				0BF089651AC6355B00EAF812 /* Resources */,
			);
			buildRules = (
			);
			dependencies = (
				0BF089691AC6355B00EAF812 /* PBXTargetDependency */,
			);
			name = HopeClubTests;
			productName = HopeClubTests;
			productReference = 0BF089671AC6355B00EAF812 /* HopeClubTests.xctest */;
			productType = "com.apple.product-type.bundle.unit-test";
		};
/* End PBXNativeTarget section */

/* Begin PBXProject section */
		0BF089461AC6355B00EAF812 /* Project object */ = {
			isa = PBXProject;
			attributes = {
				LastUpgradeCheck = 0620;
				ORGANIZATIONNAME = "The Swan Factory";
				TargetAttributes = {
					0BF0894D1AC6355B00EAF812 = {
						CreatedOnToolsVersion = 6.2;
					};
					0BF089661AC6355B00EAF812 = {
						CreatedOnToolsVersion = 6.2;
						TestTargetID = 0BF0894D1AC6355B00EAF812;
					};
				};
			};
			buildConfigurationList = 0BF089491AC6355B00EAF812 /* Build configuration list for PBXProject "HopeClub" */;
			compatibilityVersion = "Xcode 3.2";
			developmentRegion = English;
			hasScannedForEncodings = 0;
			knownRegions = (
				en,
				Base,
			);
			mainGroup = 0BF089451AC6355B00EAF812;
			productRefGroup = 0BF0894F1AC6355B00EAF812 /* Products */;
			projectDirPath = "";
			projectRoot = "";
			targets = (
				0BF0894D1AC6355B00EAF812 /* HopeClub */,
				0BF089661AC6355B00EAF812 /* HopeClubTests */,
			);
		};
/* End PBXProject section */

/* Begin PBXResourcesBuildPhase section */
		0BF0894C1AC6355B00EAF812 /* Resources */ = {
			isa = PBXResourcesBuildPhase;
			buildActionMask = 2147483647;
			files = (
				0BBBB1791AC6556400B5A3DB /* SWANDiamondView.xib in Resources */,
				0BBBB1831AC66BA100B5A3DB /* camera.png in Resources */,
				0BBBB16D1AC64B5200B5A3DB /* heart.png in Resources */,
				0BBBB16F1AC64C7100B5A3DB /* rocket.png in Resources */,
				0BF0895D1AC6355B00EAF812 /* Main.storyboard in Resources */,
				0BF089621AC6355B00EAF812 /* LaunchScreen.xib in Resources */,
				0BF0895F1AC6355B00EAF812 /* Images.xcassets in Resources */,
				0BBBB1881AC67F7200B5A3DB /* SWANHeartCell.xib in Resources */,
			);
			runOnlyForDeploymentPostprocessing = 0;
		};
		0BF089651AC6355B00EAF812 /* Resources */ = {
			isa = PBXResourcesBuildPhase;
			buildActionMask = 2147483647;
			files = (
			);
			runOnlyForDeploymentPostprocessing = 0;
		};
/* End PBXResourcesBuildPhase section */

/* Begin PBXShellScriptBuildPhase section */
		9961430318E91F223BA77236 /* Check Pods Manifest.lock */ = {
			isa = PBXShellScriptBuildPhase;
			buildActionMask = 2147483647;
			files = (
			);
			inputPaths = (
			);
			name = "Check Pods Manifest.lock";
			outputPaths = (
			);
			runOnlyForDeploymentPostprocessing = 0;
			shellPath = /bin/sh;
			shellScript = "diff \"${PODS_ROOT}/../Podfile.lock\" \"${PODS_ROOT}/Manifest.lock\" > /dev/null\nif [[ $? != 0 ]] ; then\n    cat << EOM\nerror: The sandbox is not in sync with the Podfile.lock. Run 'pod install' or update your CocoaPods installation.\nEOM\n    exit 1\nfi\n";
			showEnvVarsInLog = 0;
		};
		AB01E1DBC4DCAD8DB1D65F38 /* Copy Pods Resources */ = {
			isa = PBXShellScriptBuildPhase;
			buildActionMask = 2147483647;
			files = (
			);
			inputPaths = (
			);
			name = "Copy Pods Resources";
			outputPaths = (
			);
			runOnlyForDeploymentPostprocessing = 0;
			shellPath = /bin/sh;
			shellScript = "\"${SRCROOT}/Pods/Target Support Files/Pods-HopeClub/Pods-HopeClub-resources.sh\"\n";
			showEnvVarsInLog = 0;
		};
/* End PBXShellScriptBuildPhase section */

/* Begin PBXSourcesBuildPhase section */
		0BF0894A1AC6355B00EAF812 /* Sources */ = {
			isa = PBXSourcesBuildPhase;
			buildActionMask = 2147483647;
			files = (
				0BBBB1771AC6555400B5A3DB /* SWANDiamondView.m in Sources */,
				0BBBB18F1AC683C300B5A3DB /* User.m in Sources */,
				0BF0895A1AC6355B00EAF812 /* ViewController.m in Sources */,
				0BF089571AC6355B00EAF812 /* AppDelegate.m in Sources */,
				0BBBB1871AC67F7200B5A3DB /* SWANHeartCell.m in Sources */,
				0BF089541AC6355B00EAF812 /* main.m in Sources */,
				0BBBB18B1AC682BD00B5A3DB /* Hope.m in Sources */,
			);
			runOnlyForDeploymentPostprocessing = 0;
		};
		0BF089631AC6355B00EAF812 /* Sources */ = {
			isa = PBXSourcesBuildPhase;
			buildActionMask = 2147483647;
			files = (
				0BF0896E1AC6355B00EAF812 /* HopeClubTests.m in Sources */,
			);
			runOnlyForDeploymentPostprocessing = 0;
		};
/* End PBXSourcesBuildPhase section */

/* Begin PBXTargetDependency section */
		0BF089691AC6355B00EAF812 /* PBXTargetDependency */ = {
			isa = PBXTargetDependency;
			target = 0BF0894D1AC6355B00EAF812 /* HopeClub */;
			targetProxy = 0BF089681AC6355B00EAF812 /* PBXContainerItemProxy */;
		};
/* End PBXTargetDependency section */

/* Begin PBXVariantGroup section */
		0BF0895B1AC6355B00EAF812 /* Main.storyboard */ = {
			isa = PBXVariantGroup;
			children = (
				0BF0895C1AC6355B00EAF812 /* Base */,
			);
			name = Main.storyboard;
			sourceTree = "<group>";
		};
		0BF089601AC6355B00EAF812 /* LaunchScreen.xib */ = {
			isa = PBXVariantGroup;
			children = (
				0BF089611AC6355B00EAF812 /* Base */,
			);
			name = LaunchScreen.xib;
			sourceTree = "<group>";
		};
/* End PBXVariantGroup section */

/* Begin XCBuildConfiguration section */
		0BF0896F1AC6355B00EAF812 /* Debug */ = {
			isa = XCBuildConfiguration;
			buildSettings = {
				ALWAYS_SEARCH_USER_PATHS = NO;
				CLANG_CXX_LANGUAGE_STANDARD = "gnu++0x";
				CLANG_CXX_LIBRARY = "libc++";
				CLANG_ENABLE_MODULES = YES;
				CLANG_ENABLE_OBJC_ARC = YES;
				CLANG_WARN_BOOL_CONVERSION = YES;
				CLANG_WARN_CONSTANT_CONVERSION = YES;
				CLANG_WARN_DIRECT_OBJC_ISA_USAGE = YES_ERROR;
				CLANG_WARN_EMPTY_BODY = YES;
				CLANG_WARN_ENUM_CONVERSION = YES;
				CLANG_WARN_INT_CONVERSION = YES;
				CLANG_WARN_OBJC_ROOT_CLASS = YES_ERROR;
				CLANG_WARN_UNREACHABLE_CODE = YES;
				CLANG_WARN__DUPLICATE_METHOD_MATCH = YES;
				"CODE_SIGN_IDENTITY[sdk=iphoneos*]" = "iPhone Developer";
				COPY_PHASE_STRIP = NO;
				ENABLE_STRICT_OBJC_MSGSEND = YES;
				GCC_C_LANGUAGE_STANDARD = gnu99;
				GCC_DYNAMIC_NO_PIC = NO;
				GCC_OPTIMIZATION_LEVEL = 0;
				GCC_PREPROCESSOR_DEFINITIONS = (
					"DEBUG=1",
					"$(inherited)",
				);
				GCC_SYMBOLS_PRIVATE_EXTERN = NO;
				GCC_WARN_64_TO_32_BIT_CONVERSION = YES;
				GCC_WARN_ABOUT_RETURN_TYPE = YES_ERROR;
				GCC_WARN_UNDECLARED_SELECTOR = YES;
				GCC_WARN_UNINITIALIZED_AUTOS = YES_AGGRESSIVE;
				GCC_WARN_UNUSED_FUNCTION = YES;
				GCC_WARN_UNUSED_VARIABLE = YES;
				IPHONEOS_DEPLOYMENT_TARGET = 8.2;
				MTL_ENABLE_DEBUG_INFO = YES;
				ONLY_ACTIVE_ARCH = YES;
				SDKROOT = iphoneos;
			};
			name = Debug;
		};
		0BF089701AC6355B00EAF812 /* Release */ = {
			isa = XCBuildConfiguration;
			buildSettings = {
				ALWAYS_SEARCH_USER_PATHS = NO;
				CLANG_CXX_LANGUAGE_STANDARD = "gnu++0x";
				CLANG_CXX_LIBRARY = "libc++";
				CLANG_ENABLE_MODULES = YES;
				CLANG_ENABLE_OBJC_ARC = YES;
				CLANG_WARN_BOOL_CONVERSION = YES;
				CLANG_WARN_CONSTANT_CONVERSION = YES;
				CLANG_WARN_DIRECT_OBJC_ISA_USAGE = YES_ERROR;
				CLANG_WARN_EMPTY_BODY = YES;
				CLANG_WARN_ENUM_CONVERSION = YES;
				CLANG_WARN_INT_CONVERSION = YES;
				CLANG_WARN_OBJC_ROOT_CLASS = YES_ERROR;
				CLANG_WARN_UNREACHABLE_CODE = YES;
				CLANG_WARN__DUPLICATE_METHOD_MATCH = YES;
				"CODE_SIGN_IDENTITY[sdk=iphoneos*]" = "iPhone Developer";
				COPY_PHASE_STRIP = NO;
				ENABLE_NS_ASSERTIONS = NO;
				ENABLE_STRICT_OBJC_MSGSEND = YES;
				GCC_C_LANGUAGE_STANDARD = gnu99;
				GCC_WARN_64_TO_32_BIT_CONVERSION = YES;
				GCC_WARN_ABOUT_RETURN_TYPE = YES_ERROR;
				GCC_WARN_UNDECLARED_SELECTOR = YES;
				GCC_WARN_UNINITIALIZED_AUTOS = YES_AGGRESSIVE;
				GCC_WARN_UNUSED_FUNCTION = YES;
				GCC_WARN_UNUSED_VARIABLE = YES;
				IPHONEOS_DEPLOYMENT_TARGET = 8.2;
				MTL_ENABLE_DEBUG_INFO = NO;
				SDKROOT = iphoneos;
				VALIDATE_PRODUCT = YES;
			};
			name = Release;
		};
		0BF089721AC6355B00EAF812 /* Debug */ = {
			isa = XCBuildConfiguration;
			baseConfigurationReference = 5D6FEF4125DCE58B4215EDE3 /* Pods-HopeClub.debug.xcconfig */;
			buildSettings = {
				ASSETCATALOG_COMPILER_APPICON_NAME = AppIcon;
				INFOPLIST_FILE = HopeClub/Info.plist;
				LD_RUNPATH_SEARCH_PATHS = "$(inherited) @executable_path/Frameworks";
				PRODUCT_NAME = "$(TARGET_NAME)";
			};
			name = Debug;
		};
		0BF089731AC6355B00EAF812 /* Release */ = {
			isa = XCBuildConfiguration;
			baseConfigurationReference = D88AFEA155A3F0A4A9CE9400 /* Pods-HopeClub.release.xcconfig */;
			buildSettings = {
				ASSETCATALOG_COMPILER_APPICON_NAME = AppIcon;
				INFOPLIST_FILE = HopeClub/Info.plist;
				LD_RUNPATH_SEARCH_PATHS = "$(inherited) @executable_path/Frameworks";
				PRODUCT_NAME = "$(TARGET_NAME)";
			};
			name = Release;
		};
		0BF089751AC6355B00EAF812 /* Debug */ = {
			isa = XCBuildConfiguration;
			buildSettings = {
				BUNDLE_LOADER = "$(TEST_HOST)";
				FRAMEWORK_SEARCH_PATHS = (
					"$(SDKROOT)/Developer/Library/Frameworks",
					"$(inherited)",
				);
				GCC_PREPROCESSOR_DEFINITIONS = (
					"DEBUG=1",
					"$(inherited)",
				);
				INFOPLIST_FILE = HopeClubTests/Info.plist;
				LD_RUNPATH_SEARCH_PATHS = "$(inherited) @executable_path/Frameworks @loader_path/Frameworks";
				PRODUCT_NAME = "$(TARGET_NAME)";
				TEST_HOST = "$(BUILT_PRODUCTS_DIR)/HopeClub.app/HopeClub";
			};
			name = Debug;
		};
		0BF089761AC6355B00EAF812 /* Release */ = {
			isa = XCBuildConfiguration;
			buildSettings = {
				BUNDLE_LOADER = "$(TEST_HOST)";
				FRAMEWORK_SEARCH_PATHS = (
					"$(SDKROOT)/Developer/Library/Frameworks",
					"$(inherited)",
				);
				INFOPLIST_FILE = HopeClubTests/Info.plist;
				LD_RUNPATH_SEARCH_PATHS = "$(inherited) @executable_path/Frameworks @loader_path/Frameworks";
				PRODUCT_NAME = "$(TARGET_NAME)";
				TEST_HOST = "$(BUILT_PRODUCTS_DIR)/HopeClub.app/HopeClub";
			};
			name = Release;
		};
/* End XCBuildConfiguration section */

/* Begin XCConfigurationList section */
		0BF089491AC6355B00EAF812 /* Build configuration list for PBXProject "HopeClub" */ = {
			isa = XCConfigurationList;
			buildConfigurations = (
				0BF0896F1AC6355B00EAF812 /* Debug */,
				0BF089701AC6355B00EAF812 /* Release */,
			);
			defaultConfigurationIsVisible = 0;
			defaultConfigurationName = Release;
		};
		0BF089711AC6355B00EAF812 /* Build configuration list for PBXNativeTarget "HopeClub" */ = {
			isa = XCConfigurationList;
			buildConfigurations = (
				0BF089721AC6355B00EAF812 /* Debug */,
				0BF089731AC6355B00EAF812 /* Release */,
			);
			defaultConfigurationIsVisible = 0;
			defaultConfigurationName = Release;
		};
		0BF089741AC6355B00EAF812 /* Build configuration list for PBXNativeTarget "HopeClubTests" */ = {
			isa = XCConfigurationList;
			buildConfigurations = (
				0BF089751AC6355B00EAF812 /* Debug */,
				0BF089761AC6355B00EAF812 /* Release */,
			);
			defaultConfigurationIsVisible = 0;
			defaultConfigurationName = Release;
		};
/* End XCConfigurationList section */
	};
	rootObject = 0BF089461AC6355B00EAF812 /* Project object */;
}
